
Microsoft Visual Studio Solution File, Format Version 12.00
# Visual Studio Version 17
VisualStudioVersion = 17.12.35309.182
MinimumVisualStudioVersion = 10.0.40219.1
Project("{FAE04EC0-301F-11D3-BF4B-00C04F79EFBC}") = "Inventory_Management", "Inventory_Management\Inventory_Management.csproj", "{765E61FB-B7C7-41C9-8356-E142CE2E47A7}"
EndProject
Global
	GlobalSection(SolutionConfigurationPlatforms) = preSolution
		Debug|Any CPU = Debug|Any CPU
		Release|Any CPU = Release|Any CPU
	EndGlobalSection
	GlobalSection(ProjectConfigurationPlatforms) = postSolution
		{765E61FB-B7C7-41C9-8356-E142CE2E47A7}.Debug|Any CPU.ActiveCfg = Debug|Any CPU
		{765E61FB-B7C7-41C9-8356-E142CE2E47A7}.Debug|Any CPU.Build.0 = Debug|Any CPU
		{765E61FB-B7C7-41C9-8356-E142CE2E47A7}.Release|Any CPU.ActiveCfg = Release|Any CPU
		{765E61FB-B7C7-41C9-8356-E142CE2E47A7}.Release|Any CPU.Build.0 = Release|Any CPU
	EndGlobalSection
	GlobalSection(SolutionProperties) = preSolution
		HideSolutionNode = FALSE
	EndGlobalSection
	GlobalSection(ExtensibilityGlobals) = postSolution
		SolutionGuid = {15582A3A-1A85-4AF6-9D6C-CDB15808DCDD}
	EndGlobalSection
EndGlobal
